PODS:
  - Eureka (5.5.0)
  - IPtProxy (4.2.2)
  - IPtProxyUI (4.9.2):
    - Eureka (~> 5.3)
    - IPtProxy (~> 4.2.2)
    - IPtProxyUI/App (= 4.9.2)
  - IPtProxyUI/App (4.9.2):
    - Eureka (~> 5.3)
    - IPtProxy (~> 4.2.2)
    - ProgressHUD (~> 14.1)
  - ProgressHUD (14.1.1)

DEPENDENCIES:
  - IPtProxyUI (from `../`)

SPEC REPOS:
  https://github.com/CocoaPods/Specs.git:
    - Eureka
    - IPtProxy
    - ProgressHUD

EXTERNAL SOURCES:
  IPtProxyUI:
    :path: "../"

SPEC CHECKSUMS:
  Eureka: 1c18c7fcd8f772cc2ca42d6be36292dffa77eecb
  IPtProxy: 19447d245d04aa357f788828565f026695e8ae17
  IPtProxyUI: c524f7ce3a863ee782e83883aa38de4e14d785c2
  ProgressHUD: abb9136ae23c85204236828562cb9a8ec98efb44

PODFILE CHECKSUM: 69cd15ecf33176a9daa9b36f46bd431f80fbcf45

COCOAPODS: 1.16.2
