PODS:
  - Eureka (5.4.0)
  - IPtProxy (3.4.0)
  - IPtProxyUI (4.3.1):
    - Eureka (~> 5.3)
    - IPtProxy (~> 3.4.0)
    - IPtProxyUI/App (= 4.3.1)
  - IPtProxyUI/App (4.3.1):
    - Eureka (~> 5.3)
    - IPtProxy (~> 3.4.0)
    - ProgressHUD (~> 14.1)
  - ProgressHUD (14.1.1)

DEPENDENCIES:
  - IPtProxyUI (from `../`)

SPEC REPOS:
  https://github.com/CocoaPods/Specs.git:
    - Eureka
    - IPtProxy
    - ProgressHUD

EXTERNAL SOURCES:
  IPtProxyUI:
    :path: "../"

SPEC CHECKSUMS:
  Eureka: fadaa9fa3d6e402d3c60f78f24edf3d7bafc9c29
  IPtProxy: dfaa1f21006ca758f9966548f1869a8e29e7b72e
  IPtProxyUI: 0e8ebcca4aa89812f1b16591e18732dc3c7aecd1
  ProgressHUD: abb9136ae23c85204236828562cb9a8ec98efb44

PODFILE CHECKSUM: 4a10692db46697ee1dc105a35ce9a1254ab024d2

COCOAPODS: 1.15.2
