PODS:
  - Eureka (5.3.6)
  - ImageRow (4.1.0):
    - Eureka (~> 5.3.5)
  - IPtProxy (3.1.1)
  - IPtProxyUI (3.0.2):
    - Eureka (~> 5.3)
    - ImageRow (~> 4.0)
    - IPtProxy (~> 3.1.1)
    - IPtProxyUI/App (= 3.0.2)
  - IPtProxyUI/App (3.0.2):
    - Eureka (~> 5.3)
    - ImageRow (~> 4.0)
    - IPtProxy (~> 3.1.1)
    - ProgressHUD (~> 13.6)
  - ProgressHUD (13.7.2)

DEPENDENCIES:
  - IPtProxyUI (from `../`)

SPEC REPOS:
  https://github.com/CocoaPods/Specs.git:
    - Eureka
    - ImageRow
    - IPtProxy
    - ProgressHUD

EXTERNAL SOURCES:
  IPtProxyUI:
    :path: "../"

SPEC CHECKSUMS:
  Eureka: 28ad9dec6286cd7cd601fdf8e8df39bb7356a8f4
  ImageRow: 880c0f052c5a89c80521b485c86ccf723a124e99
  IPtProxy: 264799227d5d83a4a583e66bd4ea846510554025
  IPtProxyUI: 9b38d74482ee0d3764560845190520b88f739d49
  ProgressHUD: 093d24ca970f191744017bee2649e37d0cd1c5b9

PODFILE CHECKSUM: 4a10692db46697ee1dc105a35ce9a1254ab024d2

COCOAPODS: 1.12.1
