// !$*UTF8*$!
{
	archiveVersion = 1;
	classes = {
	};
	objectVersion = 55;
	objects = {

/* Begin PBXBuildFile section */
		A01AB65C28A55078008A79EE /* CustomBridgesViewController.swift in Sources */ = {isa = PBXBuildFile; fileRef = A01AB64A28A55077008A79EE /* CustomBridgesViewController.swift */; };
		A01AB65D28A55078008A79EE /* MoatViewController.swift in Sources */ = {isa = PBXBuildFile; fileRef = A01AB64B28A55077008A79EE /* MoatViewController.swift */; };
		A01AB65E28A55078008A79EE /* AlertHelper.swift in Sources */ = {isa = PBXBuildFile; fileRef = A01AB64C28A55077008A79EE /* AlertHelper.swift */; };
		A01AB65F28A55078008A79EE /* CaptchaRow.swift in Sources */ = {isa = PBXBuildFile; fileRef = A01AB64D28A55077008A79EE /* CaptchaRow.swift */; };
		A01AB66028A55078008A79EE /* FixedFormViewController.swift in Sources */ = {isa = PBXBuildFile; fileRef = A01AB64E28A55077008A79EE /* FixedFormViewController.swift */; };
		A01AB66128A55078008A79EE /* ScanQrViewController.swift in Sources */ = {isa = PBXBuildFile; fileRef = A01AB64F28A55077008A79EE /* ScanQrViewController.swift */; };
		A01AB66228A55078008A79EE /* BridgesConfViewController.swift in Sources */ = {isa = PBXBuildFile; fileRef = A01AB65028A55077008A79EE /* BridgesConfViewController.swift */; };
		A01AB66328A55078008A79EE /* Settings.swift in Sources */ = {isa = PBXBuildFile; fileRef = A01AB65228A55077008A79EE /* Settings.swift */; };
		A01AB66428A55078008A79EE /* BridgesConfDelegate.swift in Sources */ = {isa = PBXBuildFile; fileRef = A01AB65328A55077008A79EE /* BridgesConfDelegate.swift */; };
		A01AB66528A55078008A79EE /* MoatApi.swift in Sources */ = {isa = PBXBuildFile; fileRef = A01AB65428A55077008A79EE /* MoatApi.swift */; };
		A01AB66628A55078008A79EE /* MeekURLProtocol.swift in Sources */ = {isa = PBXBuildFile; fileRef = A01AB65528A55077008A79EE /* MeekURLProtocol.swift */; };
		A01AB66728A55078008A79EE /* ApiError.swift in Sources */ = {isa = PBXBuildFile; fileRef = A01AB65628A55077008A79EE /* ApiError.swift */; };
		A01AB66828A55078008A79EE /* IpSupport.swift in Sources */ = {isa = PBXBuildFile; fileRef = A01AB65728A55077008A79EE /* IpSupport.swift */; };
		A01AB66928A55078008A79EE /* AutoConf.swift in Sources */ = {isa = PBXBuildFile; fileRef = A01AB65828A55077008A79EE /* AutoConf.swift */; };
		A01AB66A28A55078008A79EE /* Bundle+IPtProxyUI.swift in Sources */ = {isa = PBXBuildFile; fileRef = A01AB65928A55077008A79EE /* Bundle+IPtProxyUI.swift */; };
		A01AB66B28A55078008A79EE /* URLSession+IPtProxyUI.swift in Sources */ = {isa = PBXBuildFile; fileRef = A01AB65A28A55077008A79EE /* URLSession+IPtProxyUI.swift */; };
		A01AB66C28A55078008A79EE /* Transport.swift in Sources */ = {isa = PBXBuildFile; fileRef = A01AB65B28A55078008A79EE /* Transport.swift */; };
		A01AB69628A5516C008A79EE /* Localizable.strings in Resources */ = {isa = PBXBuildFile; fileRef = A01AB66E28A5516C008A79EE /* Localizable.strings */; };
		A01AB69728A5516C008A79EE /* obfs4-bridges.plist in Resources */ = {isa = PBXBuildFile; fileRef = A01AB68828A5516C008A79EE /* obfs4-bridges.plist */; };
		A01AB69828A5516C008A79EE /* CaptchaCell.xib in Resources */ = {isa = PBXBuildFile; fileRef = A01AB69528A5516C008A79EE /* CaptchaCell.xib */; };
		A06D525728BCEF6200D64BC7 /* BridgesConfMacViewController.xib in Resources */ = {isa = PBXBuildFile; fileRef = A06D525628BCEF6200D64BC7 /* BridgesConfMacViewController.xib */; };
		A06D525C28BCEF6D00D64BC7 /* BridgesConfMacViewController.swift in Sources */ = {isa = PBXBuildFile; fileRef = A06D525928BCEF6D00D64BC7 /* BridgesConfMacViewController.swift */; };
		A06D525D28BCEF6D00D64BC7 /* MBProgressHUD.h in Headers */ = {isa = PBXBuildFile; fileRef = A06D525A28BCEF6D00D64BC7 /* MBProgressHUD.h */; };
		A06D525E28BCEF6D00D64BC7 /* MBProgressHUD.m in Sources */ = {isa = PBXBuildFile; fileRef = A06D525B28BCEF6D00D64BC7 /* MBProgressHUD.m */; };
		A072996628C0BF110034BBAB /* CustomBridgesViewController.xib in Resources */ = {isa = PBXBuildFile; fileRef = A072996528C0BF110034BBAB /* CustomBridgesViewController.xib */; };
		A072996828C0BF1C0034BBAB /* CustomBridgesViewController.swift in Sources */ = {isa = PBXBuildFile; fileRef = A072996728C0BF1C0034BBAB /* CustomBridgesViewController.swift */; };
		A072996A28C0BF2C0034BBAB /* CustomBridgesViewController+Shared.swift in Sources */ = {isa = PBXBuildFile; fileRef = A072996928C0BF2C0034BBAB /* CustomBridgesViewController+Shared.swift */; };
		A072996F28C0C94B0034BBAB /* MoatViewController.xib in Resources */ = {isa = PBXBuildFile; fileRef = A072996E28C0C94B0034BBAB /* MoatViewController.xib */; };
		A072997128C0C9560034BBAB /* MoatViewController.swift in Sources */ = {isa = PBXBuildFile; fileRef = A072997028C0C9560034BBAB /* MoatViewController.swift */; };
		A072997328C0C97A0034BBAB /* MoatViewController+Shared.swift in Sources */ = {isa = PBXBuildFile; fileRef = A072997228C0C97A0034BBAB /* MoatViewController+Shared.swift */; };
		A08983FC275935BB0078F3E6 /* LICENSE in Resources */ = {isa = PBXBuildFile; fileRef = A08983E7275935BB0078F3E6 /* LICENSE */; };
		A08983FE275935BB0078F3E6 /* README.md in Resources */ = {isa = PBXBuildFile; fileRef = A08983E9275935BB0078F3E6 /* README.md */; };
		A08983FF275936630078F3E6 /* update-bridges.swift in Sources */ = {isa = PBXBuildFile; fileRef = A08983E8275935BB0078F3E6 /* update-bridges.swift */; };
		A0898404275936AD0078F3E6 /* .bartycrouch.toml in Resources */ = {isa = PBXBuildFile; fileRef = A08984012759369A0078F3E6 /* .bartycrouch.toml */; };
/* End PBXBuildFile section */

/* Begin PBXFileReference section */
		A01AB64A28A55077008A79EE /* CustomBridgesViewController.swift */ = {isa = PBXFileReference; fileEncoding = 4; lastKnownFileType = sourcecode.swift; path = CustomBridgesViewController.swift; sourceTree = "<group>"; };
		A01AB64B28A55077008A79EE /* MoatViewController.swift */ = {isa = PBXFileReference; fileEncoding = 4; lastKnownFileType = sourcecode.swift; path = MoatViewController.swift; sourceTree = "<group>"; };
		A01AB64C28A55077008A79EE /* AlertHelper.swift */ = {isa = PBXFileReference; fileEncoding = 4; lastKnownFileType = sourcecode.swift; path = AlertHelper.swift; sourceTree = "<group>"; };
		A01AB64D28A55077008A79EE /* CaptchaRow.swift */ = {isa = PBXFileReference; fileEncoding = 4; lastKnownFileType = sourcecode.swift; path = CaptchaRow.swift; sourceTree = "<group>"; };
		A01AB64E28A55077008A79EE /* FixedFormViewController.swift */ = {isa = PBXFileReference; fileEncoding = 4; lastKnownFileType = sourcecode.swift; path = FixedFormViewController.swift; sourceTree = "<group>"; };
		A01AB64F28A55077008A79EE /* ScanQrViewController.swift */ = {isa = PBXFileReference; fileEncoding = 4; lastKnownFileType = sourcecode.swift; path = ScanQrViewController.swift; sourceTree = "<group>"; };
		A01AB65028A55077008A79EE /* BridgesConfViewController.swift */ = {isa = PBXFileReference; fileEncoding = 4; lastKnownFileType = sourcecode.swift; path = BridgesConfViewController.swift; sourceTree = "<group>"; };
		A01AB65228A55077008A79EE /* Settings.swift */ = {isa = PBXFileReference; fileEncoding = 4; lastKnownFileType = sourcecode.swift; path = Settings.swift; sourceTree = "<group>"; };
		A01AB65328A55077008A79EE /* BridgesConfDelegate.swift */ = {isa = PBXFileReference; fileEncoding = 4; lastKnownFileType = sourcecode.swift; path = BridgesConfDelegate.swift; sourceTree = "<group>"; };
		A01AB65428A55077008A79EE /* MoatApi.swift */ = {isa = PBXFileReference; fileEncoding = 4; lastKnownFileType = sourcecode.swift; path = MoatApi.swift; sourceTree = "<group>"; };
		A01AB65528A55077008A79EE /* MeekURLProtocol.swift */ = {isa = PBXFileReference; fileEncoding = 4; lastKnownFileType = sourcecode.swift; path = MeekURLProtocol.swift; sourceTree = "<group>"; };
		A01AB65628A55077008A79EE /* ApiError.swift */ = {isa = PBXFileReference; fileEncoding = 4; lastKnownFileType = sourcecode.swift; path = ApiError.swift; sourceTree = "<group>"; };
		A01AB65728A55077008A79EE /* IpSupport.swift */ = {isa = PBXFileReference; fileEncoding = 4; lastKnownFileType = sourcecode.swift; path = IpSupport.swift; sourceTree = "<group>"; };
		A01AB65828A55077008A79EE /* AutoConf.swift */ = {isa = PBXFileReference; fileEncoding = 4; lastKnownFileType = sourcecode.swift; path = AutoConf.swift; sourceTree = "<group>"; };
		A01AB65928A55077008A79EE /* Bundle+IPtProxyUI.swift */ = {isa = PBXFileReference; fileEncoding = 4; lastKnownFileType = sourcecode.swift; path = "Bundle+IPtProxyUI.swift"; sourceTree = "<group>"; };
		A01AB65A28A55077008A79EE /* URLSession+IPtProxyUI.swift */ = {isa = PBXFileReference; fileEncoding = 4; lastKnownFileType = sourcecode.swift; path = "URLSession+IPtProxyUI.swift"; sourceTree = "<group>"; };
		A01AB65B28A55078008A79EE /* Transport.swift */ = {isa = PBXFileReference; fileEncoding = 4; lastKnownFileType = sourcecode.swift; path = Transport.swift; sourceTree = "<group>"; };
		A01AB66F28A5516C008A79EE /* de */ = {isa = PBXFileReference; lastKnownFileType = text.plist.strings; name = de; path = de.lproj/Localizable.strings; sourceTree = "<group>"; };
		A01AB67028A5516C008A79EE /* he */ = {isa = PBXFileReference; lastKnownFileType = text.plist.strings; name = he; path = he.lproj/Localizable.strings; sourceTree = "<group>"; };
		A01AB67128A5516C008A79EE /* ar */ = {isa = PBXFileReference; lastKnownFileType = text.plist.strings; name = ar; path = ar.lproj/Localizable.strings; sourceTree = "<group>"; };
		A01AB67228A5516C008A79EE /* el */ = {isa = PBXFileReference; lastKnownFileType = text.plist.strings; name = el; path = el.lproj/Localizable.strings; sourceTree = "<group>"; };
		A01AB67328A5516C008A79EE /* ja */ = {isa = PBXFileReference; lastKnownFileType = text.plist.strings; name = ja; path = ja.lproj/Localizable.strings; sourceTree = "<group>"; };
		A01AB67428A5516C008A79EE /* fa */ = {isa = PBXFileReference; lastKnownFileType = text.plist.strings; name = fa; path = fa.lproj/Localizable.strings; sourceTree = "<group>"; };
		A01AB67528A5516C008A79EE /* mk */ = {isa = PBXFileReference; lastKnownFileType = text.plist.strings; name = mk; path = mk.lproj/Localizable.strings; sourceTree = "<group>"; };
		A01AB67628A5516C008A79EE /* sq */ = {isa = PBXFileReference; lastKnownFileType = text.plist.strings; name = sq; path = sq.lproj/Localizable.strings; sourceTree = "<group>"; };
		A01AB67728A5516C008A79EE /* en */ = {isa = PBXFileReference; lastKnownFileType = text.plist.strings; name = en; path = en.lproj/Localizable.strings; sourceTree = "<group>"; };
		A01AB67828A5516C008A79EE /* uk */ = {isa = PBXFileReference; lastKnownFileType = text.plist.strings; name = uk; path = uk.lproj/Localizable.strings; sourceTree = "<group>"; };
		A01AB67928A5516C008A79EE /* nb */ = {isa = PBXFileReference; lastKnownFileType = text.plist.strings; name = nb; path = nb.lproj/Localizable.strings; sourceTree = "<group>"; };
		A01AB67A28A5516C008A79EE /* zh-Hant */ = {isa = PBXFileReference; lastKnownFileType = text.plist.strings; name = "zh-Hant"; path = "zh-Hant.lproj/Localizable.strings"; sourceTree = "<group>"; };
		A01AB67B28A5516C008A79EE /* es */ = {isa = PBXFileReference; lastKnownFileType = text.plist.strings; name = es; path = es.lproj/Localizable.strings; sourceTree = "<group>"; };
		A01AB67C28A5516C008A79EE /* is */ = {isa = PBXFileReference; lastKnownFileType = text.plist.strings; name = is; path = is.lproj/Localizable.strings; sourceTree = "<group>"; };
		A01AB67D28A5516C008A79EE /* tr-TR */ = {isa = PBXFileReference; lastKnownFileType = text.plist.strings; name = "tr-TR"; path = "tr-TR.lproj/Localizable.strings"; sourceTree = "<group>"; };
		A01AB67E28A5516C008A79EE /* zh-Hans */ = {isa = PBXFileReference; lastKnownFileType = text.plist.strings; name = "zh-Hans"; path = "zh-Hans.lproj/Localizable.strings"; sourceTree = "<group>"; };
		A01AB67F28A5516C008A79EE /* it */ = {isa = PBXFileReference; lastKnownFileType = text.plist.strings; name = it; path = it.lproj/Localizable.strings; sourceTree = "<group>"; };
		A01AB68028A5516C008A79EE /* cs */ = {isa = PBXFileReference; lastKnownFileType = text.plist.strings; name = cs; path = cs.lproj/Localizable.strings; sourceTree = "<group>"; };
		A01AB68128A5516C008A79EE /* km */ = {isa = PBXFileReference; lastKnownFileType = text.plist.strings; name = km; path = km.lproj/Localizable.strings; sourceTree = "<group>"; };
		A01AB68228A5516C008A79EE /* ko */ = {isa = PBXFileReference; lastKnownFileType = text.plist.strings; name = ko; path = ko.lproj/Localizable.strings; sourceTree = "<group>"; };
		A01AB68328A5516C008A79EE /* ga */ = {isa = PBXFileReference; lastKnownFileType = text.plist.strings; name = ga; path = ga.lproj/Localizable.strings; sourceTree = "<group>"; };
		A01AB68428A5516C008A79EE /* pl */ = {isa = PBXFileReference; lastKnownFileType = text.plist.strings; name = pl; path = pl.lproj/Localizable.strings; sourceTree = "<group>"; };
		A01AB68528A5516C008A79EE /* vi */ = {isa = PBXFileReference; lastKnownFileType = text.plist.strings; name = vi; path = vi.lproj/Localizable.strings; sourceTree = "<group>"; };
		A01AB68628A5516C008A79EE /* ru */ = {isa = PBXFileReference; lastKnownFileType = text.plist.strings; name = ru; path = ru.lproj/Localizable.strings; sourceTree = "<group>"; };
		A01AB68728A5516C008A79EE /* pt-PT */ = {isa = PBXFileReference; lastKnownFileType = text.plist.strings; name = "pt-PT"; path = "pt-PT.lproj/Localizable.strings"; sourceTree = "<group>"; };
		A01AB68828A5516C008A79EE /* obfs4-bridges.plist */ = {isa = PBXFileReference; fileEncoding = 4; lastKnownFileType = text.plist.xml; path = "obfs4-bridges.plist"; sourceTree = "<group>"; };
		A01AB68928A5516C008A79EE /* fr */ = {isa = PBXFileReference; lastKnownFileType = text.plist.strings; name = fr; path = fr.lproj/Localizable.strings; sourceTree = "<group>"; };
		A01AB68A28A5516C008A79EE /* pt-BR */ = {isa = PBXFileReference; lastKnownFileType = text.plist.strings; name = "pt-BR"; path = "pt-BR.lproj/Localizable.strings"; sourceTree = "<group>"; };
		A01AB68B28A5516C008A79EE /* id */ = {isa = PBXFileReference; lastKnownFileType = text.plist.strings; name = id; path = id.lproj/Localizable.strings; sourceTree = "<group>"; };
		A01AB68C28A5516C008A79EE /* nl */ = {isa = PBXFileReference; lastKnownFileType = text.plist.strings; name = nl; path = nl.lproj/Localizable.strings; sourceTree = "<group>"; };
		A01AB68D28A5516C008A79EE /* th */ = {isa = PBXFileReference; lastKnownFileType = text.plist.strings; name = th; path = th.lproj/Localizable.strings; sourceTree = "<group>"; };
		A01AB68E28A5516C008A79EE /* bn */ = {isa = PBXFileReference; lastKnownFileType = text.plist.strings; name = bn; path = bn.lproj/Localizable.strings; sourceTree = "<group>"; };
		A01AB68F28A5516C008A79EE /* ro */ = {isa = PBXFileReference; lastKnownFileType = text.plist.strings; name = ro; path = ro.lproj/Localizable.strings; sourceTree = "<group>"; };
		A01AB69028A5516C008A79EE /* hr */ = {isa = PBXFileReference; lastKnownFileType = text.plist.strings; name = hr; path = hr.lproj/Localizable.strings; sourceTree = "<group>"; };
		A01AB69128A5516C008A79EE /* hi */ = {isa = PBXFileReference; lastKnownFileType = text.plist.strings; name = hi; path = hi.lproj/Localizable.strings; sourceTree = "<group>"; };
		A01AB69228A5516C008A79EE /* ca */ = {isa = PBXFileReference; lastKnownFileType = text.plist.strings; name = ca; path = ca.lproj/Localizable.strings; sourceTree = "<group>"; };
		A01AB69328A5516C008A79EE /* hu-HU */ = {isa = PBXFileReference; lastKnownFileType = text.plist.strings; name = "hu-HU"; path = "hu-HU.lproj/Localizable.strings"; sourceTree = "<group>"; };
		A01AB69528A5516C008A79EE /* CaptchaCell.xib */ = {isa = PBXFileReference; fileEncoding = 4; lastKnownFileType = file.xib; path = CaptchaCell.xib; sourceTree = "<group>"; };
		A06D525628BCEF6200D64BC7 /* BridgesConfMacViewController.xib */ = {isa = PBXFileReference; fileEncoding = 4; lastKnownFileType = file.xib; path = BridgesConfMacViewController.xib; sourceTree = "<group>"; };
		A06D525928BCEF6D00D64BC7 /* BridgesConfMacViewController.swift */ = {isa = PBXFileReference; fileEncoding = 4; lastKnownFileType = sourcecode.swift; path = BridgesConfMacViewController.swift; sourceTree = "<group>"; };
		A06D525A28BCEF6D00D64BC7 /* MBProgressHUD.h */ = {isa = PBXFileReference; fileEncoding = 4; lastKnownFileType = sourcecode.c.h; path = MBProgressHUD.h; sourceTree = "<group>"; };
		A06D525B28BCEF6D00D64BC7 /* MBProgressHUD.m */ = {isa = PBXFileReference; fileEncoding = 4; lastKnownFileType = sourcecode.c.objc; path = MBProgressHUD.m; sourceTree = "<group>"; };
		A072996528C0BF110034BBAB /* CustomBridgesViewController.xib */ = {isa = PBXFileReference; fileEncoding = 4; lastKnownFileType = file.xib; path = CustomBridgesViewController.xib; sourceTree = "<group>"; };
		A072996728C0BF1C0034BBAB /* CustomBridgesViewController.swift */ = {isa = PBXFileReference; fileEncoding = 4; lastKnownFileType = sourcecode.swift; path = CustomBridgesViewController.swift; sourceTree = "<group>"; };
		A072996928C0BF2C0034BBAB /* CustomBridgesViewController+Shared.swift */ = {isa = PBXFileReference; fileEncoding = 4; lastKnownFileType = sourcecode.swift; path = "CustomBridgesViewController+Shared.swift"; sourceTree = "<group>"; };
		A072996E28C0C94B0034BBAB /* MoatViewController.xib */ = {isa = PBXFileReference; fileEncoding = 4; lastKnownFileType = file.xib; path = MoatViewController.xib; sourceTree = "<group>"; };
		A072997028C0C9560034BBAB /* MoatViewController.swift */ = {isa = PBXFileReference; fileEncoding = 4; lastKnownFileType = sourcecode.swift; path = MoatViewController.swift; sourceTree = "<group>"; };
		A072997228C0C97A0034BBAB /* MoatViewController+Shared.swift */ = {isa = PBXFileReference; fileEncoding = 4; lastKnownFileType = sourcecode.swift; path = "MoatViewController+Shared.swift"; sourceTree = "<group>"; };
		A08983A72759356C0078F3E6 /* IPtProxyUI.framework */ = {isa = PBXFileReference; explicitFileType = wrapper.framework; includeInIndex = 0; path = IPtProxyUI.framework; sourceTree = BUILT_PRODUCTS_DIR; };
		A08983E5275935BB0078F3E6 /* CHANGELOG.md */ = {isa = PBXFileReference; fileEncoding = 4; lastKnownFileType = net.daringfireball.markdown; path = CHANGELOG.md; sourceTree = "<group>"; };
		A08983E6275935BB0078F3E6 /* IPtProxyUI.podspec */ = {isa = PBXFileReference; fileEncoding = 4; lastKnownFileType = text; path = IPtProxyUI.podspec; sourceTree = "<group>"; xcLanguageSpecificationIdentifier = xcode.lang.ruby; };
		A08983E7275935BB0078F3E6 /* LICENSE */ = {isa = PBXFileReference; fileEncoding = 4; lastKnownFileType = text; path = LICENSE; sourceTree = "<group>"; };
		A08983E8275935BB0078F3E6 /* update-bridges.swift */ = {isa = PBXFileReference; fileEncoding = 4; lastKnownFileType = sourcecode.swift; path = "update-bridges.swift"; sourceTree = "<group>"; };
		A08983E9275935BB0078F3E6 /* README.md */ = {isa = PBXFileReference; fileEncoding = 4; lastKnownFileType = net.daringfireball.markdown; path = README.md; sourceTree = "<group>"; };
		A08984002759369A0078F3E6 /* .gitignore */ = {isa = PBXFileReference; lastKnownFileType = text; path = .gitignore; sourceTree = "<group>"; };
		A08984012759369A0078F3E6 /* .bartycrouch.toml */ = {isa = PBXFileReference; lastKnownFileType = text; path = .bartycrouch.toml; sourceTree = "<group>"; };
		A08984032759369A0078F3E6 /* config */ = {isa = PBXFileReference; lastKnownFileType = text; path = config; sourceTree = "<group>"; };
/* End PBXFileReference section */

/* Begin PBXFrameworksBuildPhase section */
		A08983A42759356C0078F3E6 /* Frameworks */ = {
			isa = PBXFrameworksBuildPhase;
			buildActionMask = 2147483647;
			files = (
			);
			runOnlyForDeploymentPostprocessing = 0;
		};
/* End PBXFrameworksBuildPhase section */

/* Begin PBXGroup section */
		A01AB64928A55077008A79EE /* iOS */ = {
			isa = PBXGroup;
			children = (
				A01AB64C28A55077008A79EE /* AlertHelper.swift */,
				A01AB65028A55077008A79EE /* BridgesConfViewController.swift */,
				A01AB64D28A55077008A79EE /* CaptchaRow.swift */,
				A01AB64A28A55077008A79EE /* CustomBridgesViewController.swift */,
				A01AB64E28A55077008A79EE /* FixedFormViewController.swift */,
				A01AB64B28A55077008A79EE /* MoatViewController.swift */,
				A01AB64F28A55077008A79EE /* ScanQrViewController.swift */,
			);
			path = iOS;
			sourceTree = "<group>";
		};
		A01AB65128A55077008A79EE /* Shared */ = {
			isa = PBXGroup;
			children = (
				A01AB65628A55077008A79EE /* ApiError.swift */,
				A01AB65828A55077008A79EE /* AutoConf.swift */,
				A01AB65328A55077008A79EE /* BridgesConfDelegate.swift */,
				A01AB65928A55077008A79EE /* Bundle+IPtProxyUI.swift */,
				A072996928C0BF2C0034BBAB /* CustomBridgesViewController+Shared.swift */,
				A01AB65728A55077008A79EE /* IpSupport.swift */,
				A01AB65528A55077008A79EE /* MeekURLProtocol.swift */,
				A072997228C0C97A0034BBAB /* MoatViewController+Shared.swift */,
				A01AB65428A55077008A79EE /* MoatApi.swift */,
				A01AB65228A55077008A79EE /* Settings.swift */,
				A01AB65B28A55078008A79EE /* Transport.swift */,
				A01AB65A28A55077008A79EE /* URLSession+IPtProxyUI.swift */,
			);
			path = Shared;
			sourceTree = "<group>";
		};
		A01AB66D28A5516C008A79EE /* Shared */ = {
			isa = PBXGroup;
			children = (
				A01AB68828A5516C008A79EE /* obfs4-bridges.plist */,
				A01AB66E28A5516C008A79EE /* Localizable.strings */,
			);
			path = Shared;
			sourceTree = "<group>";
		};
		A01AB69428A5516C008A79EE /* iOS */ = {
			isa = PBXGroup;
			children = (
				A01AB69528A5516C008A79EE /* CaptchaCell.xib */,
			);
			path = iOS;
			sourceTree = "<group>";
		};
		A06D525528BCEF6200D64BC7 /* macOS */ = {
			isa = PBXGroup;
			children = (
				A06D525628BCEF6200D64BC7 /* BridgesConfMacViewController.xib */,
				A072996528C0BF110034BBAB /* CustomBridgesViewController.xib */,
				A072996E28C0C94B0034BBAB /* MoatViewController.xib */,
			);
			path = macOS;
			sourceTree = "<group>";
		};
		A06D525828BCEF6D00D64BC7 /* macOS */ = {
			isa = PBXGroup;
			children = (
				A06D525928BCEF6D00D64BC7 /* BridgesConfMacViewController.swift */,
				A072996728C0BF1C0034BBAB /* CustomBridgesViewController.swift */,
				A06D525A28BCEF6D00D64BC7 /* MBProgressHUD.h */,
				A06D525B28BCEF6D00D64BC7 /* MBProgressHUD.m */,
				A072997028C0C9560034BBAB /* MoatViewController.swift */,
			);
			path = macOS;
			sourceTree = "<group>";
		};
		A089839D2759356C0078F3E6 = {
			isa = PBXGroup;
			children = (
				A08983E6275935BB0078F3E6 /* IPtProxyUI.podspec */,
				A08983E9275935BB0078F3E6 /* README.md */,
				A08983E5275935BB0078F3E6 /* CHANGELOG.md */,
				A08983E7275935BB0078F3E6 /* LICENSE */,
				A08983E8275935BB0078F3E6 /* update-bridges.swift */,
				A08984012759369A0078F3E6 /* .bartycrouch.toml */,
				A08984002759369A0078F3E6 /* .gitignore */,
				A08984022759369A0078F3E6 /* .tx */,
				A08983B1275935BA0078F3E6 /* IPtProxyUI */,
				A08983A82759356C0078F3E6 /* Products */,
			);
			sourceTree = "<group>";
			usesTabs = 1;
		};
		A08983A82759356C0078F3E6 /* Products */ = {
			isa = PBXGroup;
			children = (
				A08983A72759356C0078F3E6 /* IPtProxyUI.framework */,
			);
			name = Products;
			sourceTree = "<group>";
		};
		A08983B1275935BA0078F3E6 /* IPtProxyUI */ = {
			isa = PBXGroup;
			children = (
				A08983B2275935BA0078F3E6 /* Assets */,
				A08983D7275935BB0078F3E6 /* Classes */,
			);
			path = IPtProxyUI;
			sourceTree = "<group>";
		};
		A08983B2275935BA0078F3E6 /* Assets */ = {
			isa = PBXGroup;
			children = (
				A06D525528BCEF6200D64BC7 /* macOS */,
				A01AB69428A5516C008A79EE /* iOS */,
				A01AB66D28A5516C008A79EE /* Shared */,
			);
			path = Assets;
			sourceTree = "<group>";
		};
		A08983D7275935BB0078F3E6 /* Classes */ = {
			isa = PBXGroup;
			children = (
				A06D525828BCEF6D00D64BC7 /* macOS */,
				A01AB64928A55077008A79EE /* iOS */,
				A01AB65128A55077008A79EE /* Shared */,
			);
			path = Classes;
			sourceTree = "<group>";
		};
		A08984022759369A0078F3E6 /* .tx */ = {
			isa = PBXGroup;
			children = (
				A08984032759369A0078F3E6 /* config */,
			);
			path = .tx;
			sourceTree = "<group>";
		};
/* End PBXGroup section */

/* Begin PBXHeadersBuildPhase section */
		A08983A22759356C0078F3E6 /* Headers */ = {
			isa = PBXHeadersBuildPhase;
			buildActionMask = 2147483647;
			files = (
				A06D525D28BCEF6D00D64BC7 /* MBProgressHUD.h in Headers */,
			);
			runOnlyForDeploymentPostprocessing = 0;
		};
/* End PBXHeadersBuildPhase section */

/* Begin PBXNativeTarget section */
		A08983A62759356C0078F3E6 /* IPtProxyUI */ = {
			isa = PBXNativeTarget;
			buildConfigurationList = A08983AE2759356D0078F3E6 /* Build configuration list for PBXNativeTarget "IPtProxyUI" */;
			buildPhases = (
				A08983A22759356C0078F3E6 /* Headers */,
				A0C5CD2927690B6E00F821C2 /* BartyCrouch */,
				A08983A32759356C0078F3E6 /* Sources */,
				A08983A42759356C0078F3E6 /* Frameworks */,
				A08983A52759356C0078F3E6 /* Resources */,
			);
			buildRules = (
			);
			dependencies = (
			);
			name = IPtProxyUI;
			productName = IPtProxyUI;
			productReference = A08983A72759356C0078F3E6 /* IPtProxyUI.framework */;
			productType = "com.apple.product-type.framework";
		};
/* End PBXNativeTarget section */

/* Begin PBXProject section */
		A089839E2759356C0078F3E6 /* Project object */ = {
			isa = PBXProject;
			attributes = {
				BuildIndependentTargetsInParallel = 1;
				LastUpgradeCheck = 1320;
				TargetAttributes = {
					A08983A62759356C0078F3E6 = {
						CreatedOnToolsVersion = 13.1;
						LastSwiftMigration = 1310;
					};
				};
			};
			buildConfigurationList = A08983A12759356C0078F3E6 /* Build configuration list for PBXProject "IPtProxyUI" */;
			compatibilityVersion = "Xcode 13.0";
			developmentRegion = en;
			hasScannedForEncodings = 0;
			knownRegions = (
				en,
				Base,
				de,
				he,
				ar,
				el,
				ja,
				fa,
				mk,
				sq,
				uk,
				nb,
				"zh-Hant",
				es,
				is,
				"tr-TR",
				"zh-Hans",
				it,
				cs,
				ko,
				ga,
				pl,
				vi,
				ru,
				"pt-PT",
				fr,
				"pt-BR",
				nl,
				th,
				bn,
				hr,
				hi,
				ca,
				"hu-HU",
				id,
				km,
				ro,
			);
			mainGroup = A089839D2759356C0078F3E6;
			productRefGroup = A08983A82759356C0078F3E6 /* Products */;
			projectDirPath = "";
			projectRoot = "";
			targets = (
				A08983A62759356C0078F3E6 /* IPtProxyUI */,
			);
		};
/* End PBXProject section */

/* Begin PBXResourcesBuildPhase section */
		A08983A52759356C0078F3E6 /* Resources */ = {
			isa = PBXResourcesBuildPhase;
			buildActionMask = 2147483647;
			files = (
				A06D525728BCEF6200D64BC7 /* BridgesConfMacViewController.xib in Resources */,
				A08983FC275935BB0078F3E6 /* LICENSE in Resources */,
				A01AB69728A5516C008A79EE /* obfs4-bridges.plist in Resources */,
				A01AB69828A5516C008A79EE /* CaptchaCell.xib in Resources */,
				A072996628C0BF110034BBAB /* CustomBridgesViewController.xib in Resources */,
				A01AB69628A5516C008A79EE /* Localizable.strings in Resources */,
				A08983FE275935BB0078F3E6 /* README.md in Resources */,
				A0898404275936AD0078F3E6 /* .bartycrouch.toml in Resources */,
				A072996F28C0C94B0034BBAB /* MoatViewController.xib in Resources */,
			);
			runOnlyForDeploymentPostprocessing = 0;
		};
/* End PBXResourcesBuildPhase section */

/* Begin PBXShellScriptBuildPhase section */
		A0C5CD2927690B6E00F821C2 /* BartyCrouch */ = {
			isa = PBXShellScriptBuildPhase;
			buildActionMask = 2147483647;
			files = (
			);
			inputFileListPaths = (
			);
			inputPaths = (
			);
			name = BartyCrouch;
			outputFileListPaths = (
			);
			outputPaths = (
			);
			runOnlyForDeploymentPostprocessing = 0;
			shellPath = /bin/sh;
			shellScript = "if [ -f /opt/homebrew/bin/bartycrouch ]; then\n    /opt/homebrew/bin/bartycrouch update -x\n    /opt/homebrew/bin/bartycrouch lint -x\nelse\n    echo \"warning: BartyCrouch not installed. Download it form https://github.com/Flinesoft/BartyCrouch\"\nfi\n";
		};
/* End PBXShellScriptBuildPhase section */

/* Begin PBXSourcesBuildPhase section */
		A08983A32759356C0078F3E6 /* Sources */ = {
			isa = PBXSourcesBuildPhase;
			buildActionMask = 2147483647;
			files = (
				A01AB66B28A55078008A79EE /* URLSession+IPtProxyUI.swift in Sources */,
				A01AB66C28A55078008A79EE /* Transport.swift in Sources */,
				A06D525C28BCEF6D00D64BC7 /* BridgesConfMacViewController.swift in Sources */,
				A01AB65F28A55078008A79EE /* CaptchaRow.swift in Sources */,
				A072997328C0C97A0034BBAB /* MoatViewController+Shared.swift in Sources */,
				A01AB65E28A55078008A79EE /* AlertHelper.swift in Sources */,
				A072996828C0BF1C0034BBAB /* CustomBridgesViewController.swift in Sources */,
				A072996A28C0BF2C0034BBAB /* CustomBridgesViewController+Shared.swift in Sources */,
				A01AB65C28A55078008A79EE /* CustomBridgesViewController.swift in Sources */,
				A01AB66428A55078008A79EE /* BridgesConfDelegate.swift in Sources */,
				A06D525E28BCEF6D00D64BC7 /* MBProgressHUD.m in Sources */,
				A01AB66A28A55078008A79EE /* Bundle+IPtProxyUI.swift in Sources */,
				A01AB66028A55078008A79EE /* FixedFormViewController.swift in Sources */,
				A01AB66928A55078008A79EE /* AutoConf.swift in Sources */,
				A08983FF275936630078F3E6 /* update-bridges.swift in Sources */,
				A01AB66528A55078008A79EE /* MoatApi.swift in Sources */,
				A01AB65D28A55078008A79EE /* MoatViewController.swift in Sources */,
				A01AB66828A55078008A79EE /* IpSupport.swift in Sources */,
				A01AB66328A55078008A79EE /* Settings.swift in Sources */,
				A01AB66128A55078008A79EE /* ScanQrViewController.swift in Sources */,
				A01AB66228A55078008A79EE /* BridgesConfViewController.swift in Sources */,
				A01AB66728A55078008A79EE /* ApiError.swift in Sources */,
				A01AB66628A55078008A79EE /* MeekURLProtocol.swift in Sources */,
				A072997128C0C9560034BBAB /* MoatViewController.swift in Sources */,
			);
			runOnlyForDeploymentPostprocessing = 0;
		};
/* End PBXSourcesBuildPhase section */

/* Begin PBXVariantGroup section */
		A01AB66E28A5516C008A79EE /* Localizable.strings */ = {
			isa = PBXVariantGroup;
			children = (
				A01AB66F28A5516C008A79EE /* de */,
				A01AB67028A5516C008A79EE /* he */,
				A01AB67128A5516C008A79EE /* ar */,
				A01AB67228A5516C008A79EE /* el */,
				A01AB67328A5516C008A79EE /* ja */,
				A01AB67428A5516C008A79EE /* fa */,
				A01AB67528A5516C008A79EE /* mk */,
				A01AB67628A5516C008A79EE /* sq */,
				A01AB67728A5516C008A79EE /* en */,
				A01AB67828A5516C008A79EE /* uk */,
				A01AB67928A5516C008A79EE /* nb */,
				A01AB67A28A5516C008A79EE /* zh-Hant */,
				A01AB67B28A5516C008A79EE /* es */,
				A01AB67C28A5516C008A79EE /* is */,
				A01AB67D28A5516C008A79EE /* tr-TR */,
				A01AB67E28A5516C008A79EE /* zh-Hans */,
				A01AB67F28A5516C008A79EE /* it */,
				A01AB68028A5516C008A79EE /* cs */,
				A01AB68128A5516C008A79EE /* km */,
				A01AB68228A5516C008A79EE /* ko */,
				A01AB68328A5516C008A79EE /* ga */,
				A01AB68428A5516C008A79EE /* pl */,
				A01AB68528A5516C008A79EE /* vi */,
				A01AB68628A5516C008A79EE /* ru */,
				A01AB68728A5516C008A79EE /* pt-PT */,
				A01AB68928A5516C008A79EE /* fr */,
				A01AB68A28A5516C008A79EE /* pt-BR */,
				A01AB68B28A5516C008A79EE /* id */,
				A01AB68C28A5516C008A79EE /* nl */,
				A01AB68D28A5516C008A79EE /* th */,
				A01AB68E28A5516C008A79EE /* bn */,
				A01AB68F28A5516C008A79EE /* ro */,
				A01AB69028A5516C008A79EE /* hr */,
				A01AB69128A5516C008A79EE /* hi */,
				A01AB69228A5516C008A79EE /* ca */,
				A01AB69328A5516C008A79EE /* hu-HU */,
			);
			name = Localizable.strings;
			sourceTree = "<group>";
		};
/* End PBXVariantGroup section */

/* Begin XCBuildConfiguration section */
		A08983AC2759356D0078F3E6 /* Debug */ = {
			isa = XCBuildConfiguration;
			buildSettings = {
				ALWAYS_SEARCH_USER_PATHS = NO;
				CLANG_ANALYZER_LOCALIZABILITY_NONLOCALIZED = YES;
				CLANG_ANALYZER_NONNULL = YES;
				CLANG_ANALYZER_NUMBER_OBJECT_CONVERSION = YES_AGGRESSIVE;
				CLANG_CXX_LANGUAGE_STANDARD = "gnu++17";
				CLANG_CXX_LIBRARY = "libc++";
				CLANG_ENABLE_MODULES = YES;
				CLANG_ENABLE_OBJC_ARC = YES;
				CLANG_ENABLE_OBJC_WEAK = YES;
				CLANG_WARN_BLOCK_CAPTURE_AUTORELEASING = YES;
				CLANG_WARN_BOOL_CONVERSION = YES;
				CLANG_WARN_COMMA = YES;
				CLANG_WARN_CONSTANT_CONVERSION = YES;
				CLANG_WARN_DEPRECATED_OBJC_IMPLEMENTATIONS = YES;
				CLANG_WARN_DIRECT_OBJC_ISA_USAGE = YES_ERROR;
				CLANG_WARN_DOCUMENTATION_COMMENTS = YES;
				CLANG_WARN_EMPTY_BODY = YES;
				CLANG_WARN_ENUM_CONVERSION = YES;
				CLANG_WARN_INFINITE_RECURSION = YES;
				CLANG_WARN_INT_CONVERSION = YES;
				CLANG_WARN_NON_LITERAL_NULL_CONVERSION = YES;
				CLANG_WARN_OBJC_IMPLICIT_RETAIN_SELF = YES;
				CLANG_WARN_OBJC_LITERAL_CONVERSION = YES;
				CLANG_WARN_OBJC_ROOT_CLASS = YES_ERROR;
				CLANG_WARN_QUOTED_INCLUDE_IN_FRAMEWORK_HEADER = YES;
				CLANG_WARN_RANGE_LOOP_ANALYSIS = YES;
				CLANG_WARN_STRICT_PROTOTYPES = YES;
				CLANG_WARN_SUSPICIOUS_MOVE = YES;
				CLANG_WARN_UNGUARDED_AVAILABILITY = YES_AGGRESSIVE;
				CLANG_WARN_UNREACHABLE_CODE = YES;
				CLANG_WARN__DUPLICATE_METHOD_MATCH = YES;
				COPY_PHASE_STRIP = NO;
				CURRENT_PROJECT_VERSION = 1;
				DEBUG_INFORMATION_FORMAT = dwarf;
				ENABLE_STRICT_OBJC_MSGSEND = YES;
				ENABLE_TESTABILITY = YES;
				GCC_C_LANGUAGE_STANDARD = gnu11;
				GCC_DYNAMIC_NO_PIC = NO;
				GCC_NO_COMMON_BLOCKS = YES;
				GCC_OPTIMIZATION_LEVEL = 0;
				GCC_PREPROCESSOR_DEFINITIONS = (
					"DEBUG=1",
					"$(inherited)",
				);
				GCC_WARN_64_TO_32_BIT_CONVERSION = YES;
				GCC_WARN_ABOUT_RETURN_TYPE = YES_ERROR;
				GCC_WARN_UNDECLARED_SELECTOR = YES;
				GCC_WARN_UNINITIALIZED_AUTOS = YES_AGGRESSIVE;
				GCC_WARN_UNUSED_FUNCTION = YES;
				GCC_WARN_UNUSED_VARIABLE = YES;
				IPHONEOS_DEPLOYMENT_TARGET = 11.0;
				MTL_ENABLE_DEBUG_INFO = INCLUDE_SOURCE;
				MTL_FAST_MATH = YES;
				ONLY_ACTIVE_ARCH = YES;
				SDKROOT = iphoneos;
				SWIFT_ACTIVE_COMPILATION_CONDITIONS = DEBUG;
				SWIFT_OPTIMIZATION_LEVEL = "-Onone";
				VERSIONING_SYSTEM = "apple-generic";
				VERSION_INFO_PREFIX = "";
			};
			name = Debug;
		};
		A08983AD2759356D0078F3E6 /* Release */ = {
			isa = XCBuildConfiguration;
			buildSettings = {
				ALWAYS_SEARCH_USER_PATHS = NO;
				CLANG_ANALYZER_LOCALIZABILITY_NONLOCALIZED = YES;
				CLANG_ANALYZER_NONNULL = YES;
				CLANG_ANALYZER_NUMBER_OBJECT_CONVERSION = YES_AGGRESSIVE;
				CLANG_CXX_LANGUAGE_STANDARD = "gnu++17";
				CLANG_CXX_LIBRARY = "libc++";
				CLANG_ENABLE_MODULES = YES;
				CLANG_ENABLE_OBJC_ARC = YES;
				CLANG_ENABLE_OBJC_WEAK = YES;
				CLANG_WARN_BLOCK_CAPTURE_AUTORELEASING = YES;
				CLANG_WARN_BOOL_CONVERSION = YES;
				CLANG_WARN_COMMA = YES;
				CLANG_WARN_CONSTANT_CONVERSION = YES;
				CLANG_WARN_DEPRECATED_OBJC_IMPLEMENTATIONS = YES;
				CLANG_WARN_DIRECT_OBJC_ISA_USAGE = YES_ERROR;
				CLANG_WARN_DOCUMENTATION_COMMENTS = YES;
				CLANG_WARN_EMPTY_BODY = YES;
				CLANG_WARN_ENUM_CONVERSION = YES;
				CLANG_WARN_INFINITE_RECURSION = YES;
				CLANG_WARN_INT_CONVERSION = YES;
				CLANG_WARN_NON_LITERAL_NULL_CONVERSION = YES;
				CLANG_WARN_OBJC_IMPLICIT_RETAIN_SELF = YES;
				CLANG_WARN_OBJC_LITERAL_CONVERSION = YES;
				CLANG_WARN_OBJC_ROOT_CLASS = YES_ERROR;
				CLANG_WARN_QUOTED_INCLUDE_IN_FRAMEWORK_HEADER = YES;
				CLANG_WARN_RANGE_LOOP_ANALYSIS = YES;
				CLANG_WARN_STRICT_PROTOTYPES = YES;
				CLANG_WARN_SUSPICIOUS_MOVE = YES;
				CLANG_WARN_UNGUARDED_AVAILABILITY = YES_AGGRESSIVE;
				CLANG_WARN_UNREACHABLE_CODE = YES;
				CLANG_WARN__DUPLICATE_METHOD_MATCH = YES;
				COPY_PHASE_STRIP = NO;
				CURRENT_PROJECT_VERSION = 1;
				DEBUG_INFORMATION_FORMAT = "dwarf-with-dsym";
				ENABLE_NS_ASSERTIONS = NO;
				ENABLE_STRICT_OBJC_MSGSEND = YES;
				GCC_C_LANGUAGE_STANDARD = gnu11;
				GCC_NO_COMMON_BLOCKS = YES;
				GCC_WARN_64_TO_32_BIT_CONVERSION = YES;
				GCC_WARN_ABOUT_RETURN_TYPE = YES_ERROR;
				GCC_WARN_UNDECLARED_SELECTOR = YES;
				GCC_WARN_UNINITIALIZED_AUTOS = YES_AGGRESSIVE;
				GCC_WARN_UNUSED_FUNCTION = YES;
				GCC_WARN_UNUSED_VARIABLE = YES;
				IPHONEOS_DEPLOYMENT_TARGET = 11.0;
				MTL_ENABLE_DEBUG_INFO = NO;
				MTL_FAST_MATH = YES;
				SDKROOT = iphoneos;
				SWIFT_COMPILATION_MODE = wholemodule;
				SWIFT_OPTIMIZATION_LEVEL = "-O";
				VALIDATE_PRODUCT = YES;
				VERSIONING_SYSTEM = "apple-generic";
				VERSION_INFO_PREFIX = "";
			};
			name = Release;
		};
		A08983AF2759356D0078F3E6 /* Debug */ = {
			isa = XCBuildConfiguration;
			buildSettings = {
				CLANG_ENABLE_MODULES = YES;
				CODE_SIGN_STYLE = Automatic;
				CURRENT_PROJECT_VERSION = 1;
				DEFINES_MODULE = YES;
				DYLIB_COMPATIBILITY_VERSION = 1;
				DYLIB_CURRENT_VERSION = 1;
				DYLIB_INSTALL_NAME_BASE = "@rpath";
				GENERATE_INFOPLIST_FILE = YES;
				INFOPLIST_KEY_NSHumanReadableCopyright = "";
				INSTALL_PATH = "$(LOCAL_LIBRARY_DIR)/Frameworks";
				LD_RUNPATH_SEARCH_PATHS = (
					"$(inherited)",
					"@executable_path/Frameworks",
					"@loader_path/Frameworks",
				);
				MARKETING_VERSION = 1.8.5;
				PRODUCT_BUNDLE_IDENTIFIER = com.netzarchitekten.IPtProxyUI;
				PRODUCT_NAME = "$(TARGET_NAME:c99extidentifier)";
				SKIP_INSTALL = YES;
				SWIFT_EMIT_LOC_STRINGS = YES;
				SWIFT_OPTIMIZATION_LEVEL = "-Onone";
				SWIFT_VERSION = 5.0;
				TARGETED_DEVICE_FAMILY = "1,2";
			};
			name = Debug;
		};
		A08983B02759356D0078F3E6 /* Release */ = {
			isa = XCBuildConfiguration;
			buildSettings = {
				CLANG_ENABLE_MODULES = YES;
				CODE_SIGN_STYLE = Automatic;
				CURRENT_PROJECT_VERSION = 1;
				DEFINES_MODULE = YES;
				DYLIB_COMPATIBILITY_VERSION = 1;
				DYLIB_CURRENT_VERSION = 1;
				DYLIB_INSTALL_NAME_BASE = "@rpath";
				GENERATE_INFOPLIST_FILE = YES;
				INFOPLIST_KEY_NSHumanReadableCopyright = "";
				INSTALL_PATH = "$(LOCAL_LIBRARY_DIR)/Frameworks";
				LD_RUNPATH_SEARCH_PATHS = (
					"$(inherited)",
					"@executable_path/Frameworks",
					"@loader_path/Frameworks",
				);
				MARKETING_VERSION = 1.8.5;
				PRODUCT_BUNDLE_IDENTIFIER = com.netzarchitekten.IPtProxyUI;
				PRODUCT_NAME = "$(TARGET_NAME:c99extidentifier)";
				SKIP_INSTALL = YES;
				SWIFT_EMIT_LOC_STRINGS = YES;
				SWIFT_VERSION = 5.0;
				TARGETED_DEVICE_FAMILY = "1,2";
			};
			name = Release;
		};
/* End XCBuildConfiguration section */

/* Begin XCConfigurationList section */
		A08983A12759356C0078F3E6 /* Build configuration list for PBXProject "IPtProxyUI" */ = {
			isa = XCConfigurationList;
			buildConfigurations = (
				A08983AC2759356D0078F3E6 /* Debug */,
				A08983AD2759356D0078F3E6 /* Release */,
			);
			defaultConfigurationIsVisible = 0;
			defaultConfigurationName = Release;
		};
		A08983AE2759356D0078F3E6 /* Build configuration list for PBXNativeTarget "IPtProxyUI" */ = {
			isa = XCConfigurationList;
			buildConfigurations = (
				A08983AF2759356D0078F3E6 /* Debug */,
				A08983B02759356D0078F3E6 /* Release */,
			);
			defaultConfigurationIsVisible = 0;
			defaultConfigurationName = Release;
		};
/* End XCConfigurationList section */
	};
	rootObject = A089839E2759356C0078F3E6 /* Project object */;
}
